
Microsoft Visual Studio Solution File, Format Version 12.00
# Visual Studio Version 17
VisualStudioVersion = 17.0.31903.59
MinimumVisualStudioVersion = 10.0.40219.1
Project("{2150E333-8FDC-42A3-9474-1A3956D46DE8}") = "src", "src", "{827E0CD3-B72D-47B6-A68D-7590B98EB39B}"
EndProject
Project("{FAE04EC0-301F-11D3-BF4B-00C04F79EFBC}") = "LeaveFlow.Domain", "src\LeaveFlow.Domain\LeaveFlow.Domain.csproj", "{EE98D4AF-6811-42D8-A677-B861D8A6362E}"
EndProject
Project("{FAE04EC0-301F-11D3-BF4B-00C04F79EFBC}") = "LeaveFlow.Application", "src\LeaveFlow.Application\LeaveFlow.Application.csproj", "{8EF95D1F-4F7A-475C-956D-2CB1AB953911}"
EndProject
Project("{FAE04EC0-301F-11D3-BF4B-00C04F79EFBC}") = "LeaveFlow.Infrastructure", "src\LeaveFlow.Infrastructure\LeaveFlow.Infrastructure.csproj", "{EDF174CB-8572-4B49-BE6F-4076228408B9}"
EndProject
Project("{FAE04EC0-301F-11D3-BF4B-00C04F79EFBC}") = "LeaveFlow.Api", "src\LeaveFlow.Api\LeaveFlow.Api.csproj", "{E5524391-9892-47FE-8DEA-1F44A62AFD63}"
EndProject
Project("{FAE04EC0-301F-11D3-BF4B-00C04F79EFBC}") = "LeaveFlow.Web", "src\LeaveFlow.Web\LeaveFlow.Web.csproj", "{8CB8D923-C10A-44EB-9F6E-1F456B201F8F}"
EndProject
Project("{2150E333-8FDC-42A3-9474-1A3956D46DE8}") = "tests", "tests", "{0AB3BF05-4346-4AA6-1389-037BE0695223}"
EndProject
Project("{FAE04EC0-301F-11D3-BF4B-00C04F79EFBC}") = "LeaveFlow.UnitTests", "tests\LeaveFlow.UnitTests\LeaveFlow.UnitTests.csproj", "{A024A4E0-C767-4A27-B70F-EBBF2D25192B}"
EndProject
Project("{FAE04EC0-301F-11D3-BF4B-00C04F79EFBC}") = "LeaveFlow.IntegrationTests", "tests\LeaveFlow.IntegrationTests\LeaveFlow.IntegrationTests.csproj", "{526A0DD3-48FE-4C61-BCAE-57DEE3C2F562}"
EndProject
Project("{FAE04EC0-301F-11D3-BF4B-00C04F79EFBC}") = "LeaveFlow.SecurityTests", "tests\LeaveFlow.SecurityTests\LeaveFlow.SecurityTests.csproj", "{E7E6235E-1BFC-47DC-A108-3EB2B2CCEC78}"
EndProject
Global
	GlobalSection(SolutionConfigurationPlatforms) = preSolution
		Debug|Any CPU = Debug|Any CPU
		Debug|x64 = Debug|x64
		Debug|x86 = Debug|x86
		Release|Any CPU = Release|Any CPU
		Release|x64 = Release|x64
		Release|x86 = Release|x86
	EndGlobalSection
	GlobalSection(ProjectConfigurationPlatforms) = postSolution
		{EE98D4AF-6811-42D8-A677-B861D8A6362E}.Debug|Any CPU.ActiveCfg = Debug|Any CPU
		{EE98D4AF-6811-42D8-A677-B861D8A6362E}.Debug|Any CPU.Build.0 = Debug|Any CPU
		{EE98D4AF-6811-42D8-A677-B861D8A6362E}.Debug|x64.ActiveCfg = Debug|Any CPU
		{EE98D4AF-6811-42D8-A677-B861D8A6362E}.Debug|x64.Build.0 = Debug|Any CPU
		{EE98D4AF-6811-42D8-A677-B861D8A6362E}.Debug|x86.ActiveCfg = Debug|Any CPU
		{EE98D4AF-6811-42D8-A677-B861D8A6362E}.Debug|x86.Build.0 = Debug|Any CPU
		{EE98D4AF-6811-42D8-A677-B861D8A6362E}.Release|Any CPU.ActiveCfg = Release|Any CPU
		{EE98D4AF-6811-42D8-A677-B861D8A6362E}.Release|Any CPU.Build.0 = Release|Any CPU
		{EE98D4AF-6811-42D8-A677-B861D8A6362E}.Release|x64.ActiveCfg = Release|Any CPU
		{EE98D4AF-6811-42D8-A677-B861D8A6362E}.Release|x64.Build.0 = Release|Any CPU
		{EE98D4AF-6811-42D8-A677-B861D8A6362E}.Release|x86.ActiveCfg = Release|Any CPU
		{EE98D4AF-6811-42D8-A677-B861D8A6362E}.Release|x86.Build.0 = Release|Any CPU
		{8EF95D1F-4F7A-475C-956D-2CB1AB953911}.Debug|Any CPU.ActiveCfg = Debug|Any CPU
		{8EF95D1F-4F7A-475C-956D-2CB1AB953911}.Debug|Any CPU.Build.0 = Debug|Any CPU
		{8EF95D1F-4F7A-475C-956D-2CB1AB953911}.Debug|x64.ActiveCfg = Debug|Any CPU
		{8EF95D1F-4F7A-475C-956D-2CB1AB953911}.Debug|x64.Build.0 = Debug|Any CPU
		{8EF95D1F-4F7A-475C-956D-2CB1AB953911}.Debug|x86.ActiveCfg = Debug|Any CPU
		{8EF95D1F-4F7A-475C-956D-2CB1AB953911}.Debug|x86.Build.0 = Debug|Any CPU
		{8EF95D1F-4F7A-475C-956D-2CB1AB953911}.Release|Any CPU.ActiveCfg = Release|Any CPU
		{8EF95D1F-4F7A-475C-956D-2CB1AB953911}.Release|Any CPU.Build.0 = Release|Any CPU
		{8EF95D1F-4F7A-475C-956D-2CB1AB953911}.Release|x64.ActiveCfg = Release|Any CPU
		{8EF95D1F-4F7A-475C-956D-2CB1AB953911}.Release|x64.Build.0 = Release|Any CPU
		{8EF95D1F-4F7A-475C-956D-2CB1AB953911}.Release|x86.ActiveCfg = Release|Any CPU
		{8EF95D1F-4F7A-475C-956D-2CB1AB953911}.Release|x86.Build.0 = Release|Any CPU
		{EDF174CB-8572-4B49-BE6F-4076228408B9}.Debug|Any CPU.ActiveCfg = Debug|Any CPU
		{EDF174CB-8572-4B49-BE6F-4076228408B9}.Debug|Any CPU.Build.0 = Debug|Any CPU
		{EDF174CB-8572-4B49-BE6F-4076228408B9}.Debug|x64.ActiveCfg = Debug|Any CPU
		{EDF174CB-8572-4B49-BE6F-4076228408B9}.Debug|x64.Build.0 = Debug|Any CPU
		{EDF174CB-8572-4B49-BE6F-4076228408B9}.Debug|x86.ActiveCfg = Debug|Any CPU
		{EDF174CB-8572-4B49-BE6F-4076228408B9}.Debug|x86.Build.0 = Debug|Any CPU
		{EDF174CB-8572-4B49-BE6F-4076228408B9}.Release|Any CPU.ActiveCfg = Release|Any CPU
		{EDF174CB-8572-4B49-BE6F-4076228408B9}.Release|Any CPU.Build.0 = Release|Any CPU
		{EDF174CB-8572-4B49-BE6F-4076228408B9}.Release|x64.ActiveCfg = Release|Any CPU
		{EDF174CB-8572-4B49-BE6F-4076228408B9}.Release|x64.Build.0 = Release|Any CPU
		{EDF174CB-8572-4B49-BE6F-4076228408B9}.Release|x86.ActiveCfg = Release|Any CPU
		{EDF174CB-8572-4B49-BE6F-4076228408B9}.Release|x86.Build.0 = Release|Any CPU
		{E5524391-9892-47FE-8DEA-1F44A62AFD63}.Debug|Any CPU.ActiveCfg = Debug|Any CPU
		{E5524391-9892-47FE-8DEA-1F44A62AFD63}.Debug|Any CPU.Build.0 = Debug|Any CPU
		{E5524391-9892-47FE-8DEA-1F44A62AFD63}.Debug|x64.ActiveCfg = Debug|Any CPU
		{E5524391-9892-47FE-8DEA-1F44A62AFD63}.Debug|x64.Build.0 = Debug|Any CPU
		{E5524391-9892-47FE-8DEA-1F44A62AFD63}.Debug|x86.ActiveCfg = Debug|Any CPU
		{E5524391-9892-47FE-8DEA-1F44A62AFD63}.Debug|x86.Build.0 = Debug|Any CPU
		{E5524391-9892-47FE-8DEA-1F44A62AFD63}.Release|Any CPU.ActiveCfg = Release|Any CPU
		{E5524391-9892-47FE-8DEA-1F44A62AFD63}.Release|Any CPU.Build.0 = Release|Any CPU
		{E5524391-9892-47FE-8DEA-1F44A62AFD63}.Release|x64.ActiveCfg = Release|Any CPU
		{E5524391-9892-47FE-8DEA-1F44A62AFD63}.Release|x64.Build.0 = Release|Any CPU
		{E5524391-9892-47FE-8DEA-1F44A62AFD63}.Release|x86.ActiveCfg = Release|Any CPU
		{E5524391-9892-47FE-8DEA-1F44A62AFD63}.Release|x86.Build.0 = Release|Any CPU
		{8CB8D923-C10A-44EB-9F6E-1F456B201F8F}.Debug|Any CPU.ActiveCfg = Debug|Any CPU
		{8CB8D923-C10A-44EB-9F6E-1F456B201F8F}.Debug|Any CPU.Build.0 = Debug|Any CPU
		{8CB8D923-C10A-44EB-9F6E-1F456B201F8F}.Debug|x64.ActiveCfg = Debug|Any CPU
		{8CB8D923-C10A-44EB-9F6E-1F456B201F8F}.Debug|x64.Build.0 = Debug|Any CPU
		{8CB8D923-C10A-44EB-9F6E-1F456B201F8F}.Debug|x86.ActiveCfg = Debug|Any CPU
		{8CB8D923-C10A-44EB-9F6E-1F456B201F8F}.Debug|x86.Build.0 = Debug|Any CPU
		{8CB8D923-C10A-44EB-9F6E-1F456B201F8F}.Release|Any CPU.ActiveCfg = Release|Any CPU
		{8CB8D923-C10A-44EB-9F6E-1F456B201F8F}.Release|Any CPU.Build.0 = Release|Any CPU
		{8CB8D923-C10A-44EB-9F6E-1F456B201F8F}.Release|x64.ActiveCfg = Release|Any CPU
		{8CB8D923-C10A-44EB-9F6E-1F456B201F8F}.Release|x64.Build.0 = Release|Any CPU
		{8CB8D923-C10A-44EB-9F6E-1F456B201F8F}.Release|x86.ActiveCfg = Release|Any CPU
		{8CB8D923-C10A-44EB-9F6E-1F456B201F8F}.Release|x86.Build.0 = Release|Any CPU
		{A024A4E0-C767-4A27-B70F-EBBF2D25192B}.Debug|Any CPU.ActiveCfg = Debug|Any CPU
		{A024A4E0-C767-4A27-B70F-EBBF2D25192B}.Debug|Any CPU.Build.0 = Debug|Any CPU
		{A024A4E0-C767-4A27-B70F-EBBF2D25192B}.Debug|x64.ActiveCfg = Debug|Any CPU
		{A024A4E0-C767-4A27-B70F-EBBF2D25192B}.Debug|x64.Build.0 = Debug|Any CPU
		{A024A4E0-C767-4A27-B70F-EBBF2D25192B}.Debug|x86.ActiveCfg = Debug|Any CPU
		{A024A4E0-C767-4A27-B70F-EBBF2D25192B}.Debug|x86.Build.0 = Debug|Any CPU
		{A024A4E0-C767-4A27-B70F-EBBF2D25192B}.Release|Any CPU.ActiveCfg = Release|Any CPU
		{A024A4E0-C767-4A27-B70F-EBBF2D25192B}.Release|Any CPU.Build.0 = Release|Any CPU
		{A024A4E0-C767-4A27-B70F-EBBF2D25192B}.Release|x64.ActiveCfg = Release|Any CPU
		{A024A4E0-C767-4A27-B70F-EBBF2D25192B}.Release|x64.Build.0 = Release|Any CPU
		{A024A4E0-C767-4A27-B70F-EBBF2D25192B}.Release|x86.ActiveCfg = Release|Any CPU
		{A024A4E0-C767-4A27-B70F-EBBF2D25192B}.Release|x86.Build.0 = Release|Any CPU
		{526A0DD3-48FE-4C61-BCAE-57DEE3C2F562}.Debug|Any CPU.ActiveCfg = Debug|Any CPU
		{526A0DD3-48FE-4C61-BCAE-57DEE3C2F562}.Debug|Any CPU.Build.0 = Debug|Any CPU
		{526A0DD3-48FE-4C61-BCAE-57DEE3C2F562}.Debug|x64.ActiveCfg = Debug|Any CPU
		{526A0DD3-48FE-4C61-BCAE-57DEE3C2F562}.Debug|x64.Build.0 = Debug|Any CPU
		{526A0DD3-48FE-4C61-BCAE-57DEE3C2F562}.Debug|x86.ActiveCfg = Debug|Any CPU
		{526A0DD3-48FE-4C61-BCAE-57DEE3C2F562}.Debug|x86.Build.0 = Debug|Any CPU
		{526A0DD3-48FE-4C61-BCAE-57DEE3C2F562}.Release|Any CPU.ActiveCfg = Release|Any CPU
		{526A0DD3-48FE-4C61-BCAE-57DEE3C2F562}.Release|Any CPU.Build.0 = Release|Any CPU
		{526A0DD3-48FE-4C61-BCAE-57DEE3C2F562}.Release|x64.ActiveCfg = Release|Any CPU
		{526A0DD3-48FE-4C61-BCAE-57DEE3C2F562}.Release|x64.Build.0 = Release|Any CPU
		{526A0DD3-48FE-4C61-BCAE-57DEE3C2F562}.Release|x86.ActiveCfg = Release|Any CPU
		{526A0DD3-48FE-4C61-BCAE-57DEE3C2F562}.Release|x86.Build.0 = Release|Any CPU
		{E7E6235E-1BFC-47DC-A108-3EB2B2CCEC78}.Debug|Any CPU.ActiveCfg = Debug|Any CPU
		{E7E6235E-1BFC-47DC-A108-3EB2B2CCEC78}.Debug|Any CPU.Build.0 = Debug|Any CPU
		{E7E6235E-1BFC-47DC-A108-3EB2B2CCEC78}.Debug|x64.ActiveCfg = Debug|Any CPU
		{E7E6235E-1BFC-47DC-A108-3EB2B2CCEC78}.Debug|x64.Build.0 = Debug|Any CPU
		{E7E6235E-1BFC-47DC-A108-3EB2B2CCEC78}.Debug|x86.ActiveCfg = Debug|Any CPU
		{E7E6235E-1BFC-47DC-A108-3EB2B2CCEC78}.Debug|x86.Build.0 = Debug|Any CPU
		{E7E6235E-1BFC-47DC-A108-3EB2B2CCEC78}.Release|Any CPU.ActiveCfg = Release|Any CPU
		{E7E6235E-1BFC-47DC-A108-3EB2B2CCEC78}.Release|Any CPU.Build.0 = Release|Any CPU
		{E7E6235E-1BFC-47DC-A108-3EB2B2CCEC78}.Release|x64.ActiveCfg = Release|Any CPU
		{E7E6235E-1BFC-47DC-A108-3EB2B2CCEC78}.Release|x64.Build.0 = Release|Any CPU
		{E7E6235E-1BFC-47DC-A108-3EB2B2CCEC78}.Release|x86.ActiveCfg = Release|Any CPU
		{E7E6235E-1BFC-47DC-A108-3EB2B2CCEC78}.Release|x86.Build.0 = Release|Any CPU
	EndGlobalSection
	GlobalSection(SolutionProperties) = preSolution
		HideSolutionNode = FALSE
	EndGlobalSection
	GlobalSection(NestedProjects) = preSolution
		{EE98D4AF-6811-42D8-A677-B861D8A6362E} = {827E0CD3-B72D-47B6-A68D-7590B98EB39B}
		{8EF95D1F-4F7A-475C-956D-2CB1AB953911} = {827E0CD3-B72D-47B6-A68D-7590B98EB39B}
		{EDF174CB-8572-4B49-BE6F-4076228408B9} = {827E0CD3-B72D-47B6-A68D-7590B98EB39B}
		{E5524391-9892-47FE-8DEA-1F44A62AFD63} = {827E0CD3-B72D-47B6-A68D-7590B98EB39B}
		{8CB8D923-C10A-44EB-9F6E-1F456B201F8F} = {827E0CD3-B72D-47B6-A68D-7590B98EB39B}
		{A024A4E0-C767-4A27-B70F-EBBF2D25192B} = {0AB3BF05-4346-4AA6-1389-037BE0695223}
		{526A0DD3-48FE-4C61-BCAE-57DEE3C2F562} = {0AB3BF05-4346-4AA6-1389-037BE0695223}
		{E7E6235E-1BFC-47DC-A108-3EB2B2CCEC78} = {0AB3BF05-4346-4AA6-1389-037BE0695223}
	EndGlobalSection
EndGlobal
